// !$*UTF8*$!
{
	archiveVersion = 1;
	classes = {
	};
	objectVersion = 54;
	objects = {

/* Begin PBXBuildFile section */
		010E29582DE17E7C00B80C96 /* NIThereminApp.swift in Sources */ = {isa = PBXBuildFile; fileRef = 010E29572DE17E7C00B80C96 /* NIThereminApp.swift */; };
		010E29592DE17E7C00B80C96 /* NIThereminApp.swift in Sources */ = {isa = PBXBuildFile; fileRef = 010E29572DE17E7C00B80C96 /* NIThereminApp.swift */; };
		01167BE32DD9CA9500E05309 /* AudioManager.swift in Sources */ = {isa = PBXBuildFile; fileRef = 01167BE22DD9CA9500E05309 /* AudioManager.swift */; };
		01167BE42DD9CA9500E05309 /* AudioManager.swift in Sources */ = {isa = PBXBuildFile; fileRef = 01167BE22DD9CA9500E05309 /* AudioManager.swift */; };
		92644B15261CEDCB003B6E09 /* Helper.swift in Sources */ = {isa = PBXBuildFile; fileRef = 92644B14261CEDCB003B6E09 /* Helper.swift */; };
		92644B16261CEDCB003B6E09 /* Helper.swift in Sources */ = {isa = PBXBuildFile; fileRef = 92644B14261CEDCB003B6E09 /* Helper.swift */; };
		926AE9AA261CB44C00AD6746 /* Assets.xcassets in Resources */ = {isa = PBXBuildFile; fileRef = 926AE9A9261CB44C00AD6746 /* Assets.xcassets */; };
		926AE9B2261CB44C00AD6746 /* NITheremin WatchKit App.app in Embed Watch Content */ = {isa = PBXBuildFile; fileRef = 926AE9B1261CB44C00AD6746 /* NITheremin WatchKit App.app */; settings = {ATTRIBUTES = (RemoveHeadersOnCopy, ); }; };
		926AE9B7261CB44C00AD6746 /* Assets.xcassets in Resources */ = {isa = PBXBuildFile; fileRef = 926AE9B6261CB44C00AD6746 /* Assets.xcassets */; };
		926AE9C9261CB44D00AD6746 /* Assets.xcassets in Resources */ = {isa = PBXBuildFile; fileRef = 926AE9C8261CB44D00AD6746 /* Assets.xcassets */; };
		92BA165A261CB4BC00A6C24B /* NearbyInteractionManager.swift in Sources */ = {isa = PBXBuildFile; fileRef = 92BA1652261CB49600A6C24B /* NearbyInteractionManager.swift */; };
		92BA165B261CB4BD00A6C24B /* NearbyInteractionManager.swift in Sources */ = {isa = PBXBuildFile; fileRef = 92BA1652261CB49600A6C24B /* NearbyInteractionManager.swift */; };
		92BA165C261CB4C100A6C24B /* ContentView.swift in Sources */ = {isa = PBXBuildFile; fileRef = 92BA1653261CB49600A6C24B /* ContentView.swift */; };
		92C2952B26335696004C9CB2 /* ContentView.swift in Sources */ = {isa = PBXBuildFile; fileRef = 92BA1653261CB49600A6C24B /* ContentView.swift */; };
/* End PBXBuildFile section */

/* Begin PBXContainerItemProxy section */
		926AE9B3261CB44C00AD6746 /* PBXContainerItemProxy */ = {
			isa = PBXContainerItemProxy;
			containerPortal = 926AE99A261CB44B00AD6746 /* Project object */;
			proxyType = 1;
			remoteGlobalIDString = 926AE9B0261CB44C00AD6746;
			remoteInfo = "Measure WatchKit App";
		};
/* End PBXContainerItemProxy section */

/* Begin PBXCopyFilesBuildPhase section */
		926AE9D7261CB44D00AD6746 /* Embed Watch Content */ = {
			isa = PBXCopyFilesBuildPhase;
			buildActionMask = 2147483647;
			dstPath = "$(CONTENTS_FOLDER_PATH)/Watch";
			dstSubfolderSpec = 16;
			files = (
				926AE9B2261CB44C00AD6746 /* NITheremin WatchKit App.app in Embed Watch Content */,
			);
			name = "Embed Watch Content";
			runOnlyForDeploymentPostprocessing = 0;
		};
/* End PBXCopyFilesBuildPhase section */

/* Begin PBXFileReference section */
		010E29572DE17E7C00B80C96 /* NIThereminApp.swift */ = {isa = PBXFileReference; lastKnownFileType = sourcecode.swift; path = NIThereminApp.swift; sourceTree = "<group>"; };
		01167BE22DD9CA9500E05309 /* AudioManager.swift */ = {isa = PBXFileReference; lastKnownFileType = sourcecode.swift; path = AudioManager.swift; sourceTree = "<group>"; };
		7806DD7C16362DFA24E67ABD /* SampleCode.xcconfig */ = {isa = PBXFileReference; lastKnownFileType = text.xcconfig; name = SampleCode.xcconfig; path = Configuration/SampleCode.xcconfig; sourceTree = "<group>"; };
		92644B14261CEDCB003B6E09 /* Helper.swift */ = {isa = PBXFileReference; lastKnownFileType = sourcecode.swift; path = Helper.swift; sourceTree = "<group>"; };
		926AE9A2261CB44B00AD6746 /* NITheremin.app */ = {isa = PBXFileReference; explicitFileType = wrapper.application; includeInIndex = 0; path = NITheremin.app; sourceTree = BUILT_PRODUCTS_DIR; };
		926AE9A9261CB44C00AD6746 /* Assets.xcassets */ = {isa = PBXFileReference; lastKnownFileType = folder.assetcatalog; path = Assets.xcassets; sourceTree = "<group>"; };
		926AE9AE261CB44C00AD6746 /* Info.plist */ = {isa = PBXFileReference; lastKnownFileType = text.plist.xml; path = Info.plist; sourceTree = "<group>"; };
		926AE9B1261CB44C00AD6746 /* NITheremin WatchKit App.app */ = {isa = PBXFileReference; explicitFileType = wrapper.application; includeInIndex = 0; path = "NITheremin WatchKit App.app"; sourceTree = BUILT_PRODUCTS_DIR; };
		926AE9B6261CB44C00AD6746 /* Assets.xcassets */ = {isa = PBXFileReference; lastKnownFileType = folder.assetcatalog; path = Assets.xcassets; sourceTree = "<group>"; };
		926AE9B8261CB44C00AD6746 /* Info.plist */ = {isa = PBXFileReference; lastKnownFileType = text.plist.xml; path = Info.plist; sourceTree = "<group>"; };
		926AE9C8261CB44D00AD6746 /* Assets.xcassets */ = {isa = PBXFileReference; lastKnownFileType = folder.assetcatalog; path = Assets.xcassets; sourceTree = "<group>"; };
		926AE9CD261CB44D00AD6746 /* Info.plist */ = {isa = PBXFileReference; lastKnownFileType = text.plist.xml; path = Info.plist; sourceTree = "<group>"; };
		92BA1650261CB49600A6C24B /* README.md */ = {isa = PBXFileReference; lastKnownFileType = net.daringfireball.markdown; path = README.md; sourceTree = "<group>"; };
		92BA1652261CB49600A6C24B /* NearbyInteractionManager.swift */ = {isa = PBXFileReference; lastKnownFileType = sourcecode.swift; path = NearbyInteractionManager.swift; sourceTree = "<group>"; };
		92BA1653261CB49600A6C24B /* ContentView.swift */ = {isa = PBXFileReference; lastKnownFileType = sourcecode.swift; path = ContentView.swift; sourceTree = "<group>"; };
		A937C5C51D77D909A661F645 /* LICENSE.txt */ = {isa = PBXFileReference; includeInIndex = 1; lastKnownFileType = text; path = LICENSE.txt; sourceTree = "<group>"; };
/* End PBXFileReference section */

/* Begin PBXFrameworksBuildPhase section */
		926AE99F261CB44B00AD6746 /* Frameworks */ = {
			isa = PBXFrameworksBuildPhase;
			buildActionMask = 2147483647;
			files = (
			);
			runOnlyForDeploymentPostprocessing = 0;
		};
		926AE9BA261CB44D00AD6746 /* Frameworks */ = {
			isa = PBXFrameworksBuildPhase;
			buildActionMask = 2147483647;
			files = (
			);
			runOnlyForDeploymentPostprocessing = 0;
		};
/* End PBXFrameworksBuildPhase section */

/* Begin PBXGroup section */
		73898BEB1F94FFD1EDD37B82 /* Configuration */ = {
			isa = PBXGroup;
			children = (
				7806DD7C16362DFA24E67ABD /* SampleCode.xcconfig */,
			);
			name = Configuration;
			sourceTree = "<group>";
		};
		926AE999261CB44B00AD6746 = {
			isa = PBXGroup;
			children = (
				92BA1650261CB49600A6C24B /* README.md */,
				92BA1651261CB49600A6C24B /* shared */,
				926AE9A4261CB44B00AD6746 /* NITheremin */,
				926AE9B5261CB44C00AD6746 /* NIThereminWatchKit App */,
				926AE9C1261CB44D00AD6746 /* NITheremin WatchKit Extension */,
				926AE9A3261CB44B00AD6746 /* Products */,
				73898BEB1F94FFD1EDD37B82 /* Configuration */,
				E84E6B34F00F6A73A90D76CA /* LICENSE */,
			);
			sourceTree = "<group>";
		};
		926AE9A3261CB44B00AD6746 /* Products */ = {
			isa = PBXGroup;
			children = (
				926AE9A2261CB44B00AD6746 /* NITheremin.app */,
				926AE9B1261CB44C00AD6746 /* NITheremin WatchKit App.app */,
			);
			name = Products;
			sourceTree = "<group>";
		};
		926AE9A4261CB44B00AD6746 /* NITheremin */ = {
			isa = PBXGroup;
			children = (
				926AE9A9261CB44C00AD6746 /* Assets.xcassets */,
				926AE9AE261CB44C00AD6746 /* Info.plist */,
			);
			path = NITheremin;
			sourceTree = "<group>";
		};
		926AE9B5261CB44C00AD6746 /* NIThereminWatchKit App */ = {
			isa = PBXGroup;
			children = (
				926AE9B6261CB44C00AD6746 /* Assets.xcassets */,
				926AE9B8261CB44C00AD6746 /* Info.plist */,
			);
			path = "NIThereminWatchKit App";
			sourceTree = "<group>";
		};
		926AE9C1261CB44D00AD6746 /* NITheremin WatchKit Extension */ = {
			isa = PBXGroup;
			children = (
				926AE9C8261CB44D00AD6746 /* Assets.xcassets */,
				926AE9CD261CB44D00AD6746 /* Info.plist */,
			);
			path = "NITheremin WatchKit Extension";
			sourceTree = "<group>";
		};
		92BA1651261CB49600A6C24B /* shared */ = {
			isa = PBXGroup;
			children = (
				92BA1652261CB49600A6C24B /* NearbyInteractionManager.swift */,
				01167BE22DD9CA9500E05309 /* AudioManager.swift */,
				92BA1653261CB49600A6C24B /* ContentView.swift */,
				010E29572DE17E7C00B80C96 /* NIThereminApp.swift */,
				92644B14261CEDCB003B6E09 /* Helper.swift */,
			);
			path = shared;
			sourceTree = "<group>";
		};
		E84E6B34F00F6A73A90D76CA /* LICENSE */ = {
			isa = PBXGroup;
			children = (
				A937C5C51D77D909A661F645 /* LICENSE.txt */,
			);
			name = LICENSE;
			path = .;
			sourceTree = "<group>";
		};
/* End PBXGroup section */

/* Begin PBXNativeTarget section */
		926AE9A1261CB44B00AD6746 /* NITheremin */ = {
			isa = PBXNativeTarget;
			buildConfigurationList = 926AE9D8261CB44D00AD6746 /* Build configuration list for PBXNativeTarget "NITheremin" */;
			buildPhases = (
				926AE99E261CB44B00AD6746 /* Sources */,
				926AE99F261CB44B00AD6746 /* Frameworks */,
				926AE9A0261CB44B00AD6746 /* Resources */,
				926AE9D7261CB44D00AD6746 /* Embed Watch Content */,
			);
			buildRules = (
			);
			dependencies = (
				926AE9B4261CB44C00AD6746 /* PBXTargetDependency */,
			);
			name = NITheremin;
			productName = Measure;
			productReference = 926AE9A2261CB44B00AD6746 /* NITheremin.app */;
			productType = "com.apple.product-type.application";
		};
		926AE9B0261CB44C00AD6746 /* NITheremin WatchKit App */ = {
			isa = PBXNativeTarget;
			buildConfigurationList = 926AE9D4261CB44D00AD6746 /* Build configuration list for PBXNativeTarget "NITheremin WatchKit App" */;
			buildPhases = (
				926AE9AF261CB44C00AD6746 /* Resources */,
				926AE9B9261CB44D00AD6746 /* Sources */,
				926AE9BA261CB44D00AD6746 /* Frameworks */,
			);
			buildRules = (
			);
			dependencies = (
			);
			name = "NITheremin WatchKit App";
			productName = "Measure WatchKit App";
			productReference = 926AE9B1261CB44C00AD6746 /* NITheremin WatchKit App.app */;
			productType = "com.apple.product-type.application";
		};
/* End PBXNativeTarget section */

/* Begin PBXProject section */
		926AE99A261CB44B00AD6746 /* Project object */ = {
			isa = PBXProject;
			attributes = {
				BuildIndependentTargetsInParallel = YES;
				LastSwiftUpdateCheck = 1250;
				LastUpgradeCheck = 1630;
				ORGANIZATIONNAME = Apple;
				TargetAttributes = {
					926AE9A1261CB44B00AD6746 = {
						CreatedOnToolsVersion = 12.5;
						LastSwiftMigration = 1300;
					};
					926AE9B0261CB44C00AD6746 = {
						CreatedOnToolsVersion = 12.5;
					};
				};
			};
			buildConfigurationList = 926AE99D261CB44B00AD6746 /* Build configuration list for PBXProject "NITheremin" */;
			compatibilityVersion = "Xcode 9.3";
			developmentRegion = en;
			hasScannedForEncodings = 0;
			knownRegions = (
				en,
				Base,
			);
			mainGroup = 926AE999261CB44B00AD6746;
			packageReferences = (
				01167BE52DD9CEFC00E05309 /* XCRemoteSwiftPackageReference "AudioKit" */,
			);
			productRefGroup = 926AE9A3261CB44B00AD6746 /* Products */;
			projectDirPath = "";
			projectRoot = "";
			targets = (
				926AE9A1261CB44B00AD6746 /* NITheremin */,
				926AE9B0261CB44C00AD6746 /* NITheremin WatchKit App */,
			);
		};
/* End PBXProject section */

/* Begin PBXResourcesBuildPhase section */
		926AE9A0261CB44B00AD6746 /* Resources */ = {
			isa = PBXResourcesBuildPhase;
			buildActionMask = 2147483647;
			files = (
				926AE9AA261CB44C00AD6746 /* Assets.xcassets in Resources */,
			);
			runOnlyForDeploymentPostprocessing = 0;
		};
		926AE9AF261CB44C00AD6746 /* Resources */ = {
			isa = PBXResourcesBuildPhase;
			buildActionMask = 2147483647;
			files = (
				926AE9C9261CB44D00AD6746 /* Assets.xcassets in Resources */,
				926AE9B7261CB44C00AD6746 /* Assets.xcassets in Resources */,
			);
			runOnlyForDeploymentPostprocessing = 0;
		};
/* End PBXResourcesBuildPhase section */

/* Begin PBXSourcesBuildPhase section */
		926AE99E261CB44B00AD6746 /* Sources */ = {
			isa = PBXSourcesBuildPhase;
			buildActionMask = 2147483647;
			files = (
				92BA165B261CB4BD00A6C24B /* NearbyInteractionManager.swift in Sources */,
				92BA165C261CB4C100A6C24B /* ContentView.swift in Sources */,
				92644B15261CEDCB003B6E09 /* Helper.swift in Sources */,
				01167BE42DD9CA9500E05309 /* AudioManager.swift in Sources */,
				010E29592DE17E7C00B80C96 /* NIThereminApp.swift in Sources */,
			);
			runOnlyForDeploymentPostprocessing = 0;
		};
		926AE9B9261CB44D00AD6746 /* Sources */ = {
			isa = PBXSourcesBuildPhase;
			buildActionMask = 2147483647;
			files = (
				92644B16261CEDCB003B6E09 /* Helper.swift in Sources */,
				92C2952B26335696004C9CB2 /* ContentView.swift in Sources */,
				01167BE32DD9CA9500E05309 /* AudioManager.swift in Sources */,
				010E29582DE17E7C00B80C96 /* NIThereminApp.swift in Sources */,
				92BA165A261CB4BC00A6C24B /* NearbyInteractionManager.swift in Sources */,
			);
			runOnlyForDeploymentPostprocessing = 0;
		};
/* End PBXSourcesBuildPhase section */

/* Begin PBXTargetDependency section */
		926AE9B4261CB44C00AD6746 /* PBXTargetDependency */ = {
			isa = PBXTargetDependency;
			target = 926AE9B0261CB44C00AD6746 /* NITheremin WatchKit App */;
			targetProxy = 926AE9B3261CB44C00AD6746 /* PBXContainerItemProxy */;
		};
/* End PBXTargetDependency section */

/* Begin XCBuildConfiguration section */
		926AE9CE261CB44D00AD6746 /* Debug */ = {
			isa = XCBuildConfiguration;
			baseConfigurationReference = 7806DD7C16362DFA24E67ABD /* SampleCode.xcconfig */;
			buildSettings = {
				ALWAYS_SEARCH_USER_PATHS = NO;
				CLANG_ANALYZER_NONNULL = YES;
				CLANG_ANALYZER_NUMBER_OBJECT_CONVERSION = YES_AGGRESSIVE;
				CLANG_CXX_LANGUAGE_STANDARD = "gnu++14";
				CLANG_CXX_LIBRARY = "libc++";
				CLANG_ENABLE_MODULES = YES;
				CLANG_ENABLE_OBJC_ARC = YES;
				CLANG_ENABLE_OBJC_WEAK = YES;
				CLANG_WARN_BLOCK_CAPTURE_AUTORELEASING = YES;
				CLANG_WARN_BOOL_CONVERSION = YES;
				CLANG_WARN_COMMA = YES;
				CLANG_WARN_CONSTANT_CONVERSION = YES;
				CLANG_WARN_DEPRECATED_OBJC_IMPLEMENTATIONS = YES;
				CLANG_WARN_DIRECT_OBJC_ISA_USAGE = YES_ERROR;
				CLANG_WARN_DOCUMENTATION_COMMENTS = YES;
				CLANG_WARN_EMPTY_BODY = YES;
				CLANG_WARN_ENUM_CONVERSION = YES;
				CLANG_WARN_INFINITE_RECURSION = YES;
				CLANG_WARN_INT_CONVERSION = YES;
				CLANG_WARN_NON_LITERAL_NULL_CONVERSION = YES;
				CLANG_WARN_OBJC_IMPLICIT_RETAIN_SELF = YES;
				CLANG_WARN_OBJC_LITERAL_CONVERSION = YES;
				CLANG_WARN_OBJC_ROOT_CLASS = YES_ERROR;
				CLANG_WARN_QUOTED_INCLUDE_IN_FRAMEWORK_HEADER = YES;
				CLANG_WARN_RANGE_LOOP_ANALYSIS = YES;
				CLANG_WARN_STRICT_PROTOTYPES = YES;
				CLANG_WARN_SUSPICIOUS_MOVE = YES;
				CLANG_WARN_UNGUARDED_AVAILABILITY = YES_AGGRESSIVE;
				CLANG_WARN_UNREACHABLE_CODE = YES;
				CLANG_WARN__DUPLICATE_METHOD_MATCH = YES;
				COPY_PHASE_STRIP = NO;
				DEAD_CODE_STRIPPING = YES;
				DEBUG_INFORMATION_FORMAT = dwarf;
				DEVELOPMENT_TEAM = 3Q5MK3AC73;
				ENABLE_STRICT_OBJC_MSGSEND = YES;
				ENABLE_TESTABILITY = YES;
				GCC_C_LANGUAGE_STANDARD = gnu11;
				GCC_DYNAMIC_NO_PIC = NO;
				GCC_NO_COMMON_BLOCKS = YES;
				GCC_OPTIMIZATION_LEVEL = 0;
				GCC_PREPROCESSOR_DEFINITIONS = (
					"DEBUG=1",
					"$(inherited)",
				);
				GCC_WARN_64_TO_32_BIT_CONVERSION = YES;
				GCC_WARN_ABOUT_RETURN_TYPE = YES_ERROR;
				GCC_WARN_UNDECLARED_SELECTOR = YES;
				GCC_WARN_UNINITIALIZED_AUTOS = YES_AGGRESSIVE;
				GCC_WARN_UNUSED_FUNCTION = YES;
				GCC_WARN_UNUSED_VARIABLE = YES;
				MTL_ENABLE_DEBUG_INFO = INCLUDE_SOURCE;
				MTL_FAST_MATH = YES;
				ONLY_ACTIVE_ARCH = YES;
				SWIFT_ACTIVE_COMPILATION_CONDITIONS = DEBUG;
				SWIFT_OPTIMIZATION_LEVEL = "-Onone";
			};
			name = Debug;
		};
		926AE9CF261CB44D00AD6746 /* Release */ = {
			isa = XCBuildConfiguration;
			baseConfigurationReference = 7806DD7C16362DFA24E67ABD /* SampleCode.xcconfig */;
			buildSettings = {
				ALWAYS_SEARCH_USER_PATHS = NO;
				CLANG_ANALYZER_NONNULL = YES;
				CLANG_ANALYZER_NUMBER_OBJECT_CONVERSION = YES_AGGRESSIVE;
				CLANG_CXX_LANGUAGE_STANDARD = "gnu++14";
				CLANG_CXX_LIBRARY = "libc++";
				CLANG_ENABLE_MODULES = YES;
				CLANG_ENABLE_OBJC_ARC = YES;
				CLANG_ENABLE_OBJC_WEAK = YES;
				CLANG_WARN_BLOCK_CAPTURE_AUTORELEASING = YES;
				CLANG_WARN_BOOL_CONVERSION = YES;
				CLANG_WARN_COMMA = YES;
				CLANG_WARN_CONSTANT_CONVERSION = YES;
				CLANG_WARN_DEPRECATED_OBJC_IMPLEMENTATIONS = YES;
				CLANG_WARN_DIRECT_OBJC_ISA_USAGE = YES_ERROR;
				CLANG_WARN_DOCUMENTATION_COMMENTS = YES;
				CLANG_WARN_EMPTY_BODY = YES;
				CLANG_WARN_ENUM_CONVERSION = YES;
				CLANG_WARN_INFINITE_RECURSION = YES;
				CLANG_WARN_INT_CONVERSION = YES;
				CLANG_WARN_NON_LITERAL_NULL_CONVERSION = YES;
				CLANG_WARN_OBJC_IMPLICIT_RETAIN_SELF = YES;
				CLANG_WARN_OBJC_LITERAL_CONVERSION = YES;
				CLANG_WARN_OBJC_ROOT_CLASS = YES_ERROR;
				CLANG_WARN_QUOTED_INCLUDE_IN_FRAMEWORK_HEADER = YES;
				CLANG_WARN_RANGE_LOOP_ANALYSIS = YES;
				CLANG_WARN_STRICT_PROTOTYPES = YES;
				CLANG_WARN_SUSPICIOUS_MOVE = YES;
				CLANG_WARN_UNGUARDED_AVAILABILITY = YES_AGGRESSIVE;
				CLANG_WARN_UNREACHABLE_CODE = YES;
				CLANG_WARN__DUPLICATE_METHOD_MATCH = YES;
				COPY_PHASE_STRIP = NO;
				DEAD_CODE_STRIPPING = YES;
				DEBUG_INFORMATION_FORMAT = "dwarf-with-dsym";
				DEVELOPMENT_TEAM = 3Q5MK3AC73;
				ENABLE_NS_ASSERTIONS = NO;
				ENABLE_STRICT_OBJC_MSGSEND = YES;
				GCC_C_LANGUAGE_STANDARD = gnu11;
				GCC_NO_COMMON_BLOCKS = YES;
				GCC_WARN_64_TO_32_BIT_CONVERSION = YES;
				GCC_WARN_ABOUT_RETURN_TYPE = YES_ERROR;
				GCC_WARN_UNDECLARED_SELECTOR = YES;
				GCC_WARN_UNINITIALIZED_AUTOS = YES_AGGRESSIVE;
				GCC_WARN_UNUSED_FUNCTION = YES;
				GCC_WARN_UNUSED_VARIABLE = YES;
				MTL_ENABLE_DEBUG_INFO = NO;
				MTL_FAST_MATH = YES;
				SWIFT_COMPILATION_MODE = wholemodule;
				SWIFT_OPTIMIZATION_LEVEL = "-O";
			};
			name = Release;
		};
		926AE9D5261CB44D00AD6746 /* Debug */ = {
			isa = XCBuildConfiguration;
			baseConfigurationReference = 7806DD7C16362DFA24E67ABD /* SampleCode.xcconfig */;
			buildSettings = {
				ASSETCATALOG_COMPILER_APPICON_NAME = AppIcon;
				ASSETCATALOG_COMPILER_COMPLICATION_NAME = Complication;
				ASSETCATALOG_COMPILER_GLOBAL_ACCENT_COLOR_NAME = AccentColor;
				CODE_SIGN_IDENTITY = "Apple Development";
				CODE_SIGN_STYLE = Automatic;
				ENABLE_USER_SCRIPT_SANDBOXING = YES;
				INFOPLIST_FILE = "WatchNIDemo WatchKit App/Info.plist";
				LD_RUNPATH_SEARCH_PATHS = (
					"@executable_path/Frameworks",
					"@executable_path/../../Frameworks",
				);
				PRODUCT_BUNDLE_IDENTIFIER = com.bistu.deagc123.demo.watchkitapp;
				PRODUCT_NAME = "$(TARGET_NAME)";
				PROVISIONING_PROFILE_SPECIFIER = "";
				SDKROOT = watchos;
				SKIP_INSTALL = YES;
				SWIFT_VERSION = 5.0;
				TARGETED_DEVICE_FAMILY = 4;
				WATCHOS_DEPLOYMENT_TARGET = 8.0;
			};
			name = Debug;
		};
		926AE9D6261CB44D00AD6746 /* Release */ = {
			isa = XCBuildConfiguration;
			baseConfigurationReference = 7806DD7C16362DFA24E67ABD /* SampleCode.xcconfig */;
			buildSettings = {
				ASSETCATALOG_COMPILER_APPICON_NAME = AppIcon;
				ASSETCATALOG_COMPILER_COMPLICATION_NAME = Complication;
				ASSETCATALOG_COMPILER_GLOBAL_ACCENT_COLOR_NAME = AccentColor;
				CODE_SIGN_IDENTITY = "Apple Development";
				CODE_SIGN_STYLE = Automatic;
				ENABLE_USER_SCRIPT_SANDBOXING = YES;
				INFOPLIST_FILE = "WatchNIDemo WatchKit App/Info.plist";
				LD_RUNPATH_SEARCH_PATHS = (
					"@executable_path/Frameworks",
					"@executable_path/../../Frameworks",
				);
				PRODUCT_BUNDLE_IDENTIFIER = com.bistu.deagc123.demo.watchkitapp;
				PRODUCT_NAME = "$(TARGET_NAME)";
				PROVISIONING_PROFILE_SPECIFIER = "";
				SDKROOT = watchos;
				SKIP_INSTALL = YES;
				SWIFT_VERSION = 5.0;
				TARGETED_DEVICE_FAMILY = 4;
				VALIDATE_PRODUCT = YES;
				WATCHOS_DEPLOYMENT_TARGET = 8.0;
			};
			name = Release;
		};
		926AE9D9261CB44D00AD6746 /* Debug */ = {
			isa = XCBuildConfiguration;
			baseConfigurationReference = 7806DD7C16362DFA24E67ABD /* SampleCode.xcconfig */;
			buildSettings = {
				ASSETCATALOG_COMPILER_APPICON_NAME = AppIcon;
				ASSETCATALOG_COMPILER_GLOBAL_ACCENT_COLOR_NAME = AccentColor;
				CLANG_ENABLE_MODULES = YES;
				CODE_SIGN_IDENTITY = "Apple Development";
				CODE_SIGN_STYLE = Automatic;
				ENABLE_PREVIEWS = YES;
				ENABLE_USER_SCRIPT_SANDBOXING = YES;
				INFOPLIST_FILE = WatchNIDemo/Info.plist;
				IPHONEOS_DEPLOYMENT_TARGET = 15.0;
				LD_RUNPATH_SEARCH_PATHS = (
					"$(inherited)",
					"@executable_path/Frameworks",
				);
				PRODUCT_BUNDLE_IDENTIFIER = com.bistu.deagc123.demo;
				PRODUCT_NAME = "$(TARGET_NAME)";
				PROVISIONING_PROFILE_SPECIFIER = "";
				SDKROOT = iphoneos;
				SWIFT_OPTIMIZATION_LEVEL = "-Onone";
				SWIFT_VERSION = 5.0;
				TARGETED_DEVICE_FAMILY = 1;
			};
			name = Debug;
		};
		926AE9DA261CB44D00AD6746 /* Release */ = {
			isa = XCBuildConfiguration;
			baseConfigurationReference = 7806DD7C16362DFA24E67ABD /* SampleCode.xcconfig */;
			buildSettings = {
				ASSETCATALOG_COMPILER_APPICON_NAME = AppIcon;
				ASSETCATALOG_COMPILER_GLOBAL_ACCENT_COLOR_NAME = AccentColor;
				CLANG_ENABLE_MODULES = YES;
				CODE_SIGN_IDENTITY = "Apple Development";
				CODE_SIGN_STYLE = Automatic;
				ENABLE_PREVIEWS = YES;
				ENABLE_USER_SCRIPT_SANDBOXING = YES;
				INFOPLIST_FILE = WatchNIDemo/Info.plist;
				IPHONEOS_DEPLOYMENT_TARGET = 15.0;
				LD_RUNPATH_SEARCH_PATHS = (
					"$(inherited)",
					"@executable_path/Frameworks",
				);
				PRODUCT_BUNDLE_IDENTIFIER = com.bistu.deagc123.demo;
				PRODUCT_NAME = "$(TARGET_NAME)";
				PROVISIONING_PROFILE_SPECIFIER = "";
				SDKROOT = iphoneos;
				SWIFT_VERSION = 5.0;
				TARGETED_DEVICE_FAMILY = 1;
				VALIDATE_PRODUCT = YES;
			};
			name = Release;
		};
/* End XCBuildConfiguration section */

/* Begin XCConfigurationList section */
		926AE99D261CB44B00AD6746 /* Build configuration list for PBXProject "NITheremin" */ = {
			isa = XCConfigurationList;
			buildConfigurations = (
				926AE9CE261CB44D00AD6746 /* Debug */,
				926AE9CF261CB44D00AD6746 /* Release */,
			);
			defaultConfigurationIsVisible = 0;
			defaultConfigurationName = Release;
		};
		926AE9D4261CB44D00AD6746 /* Build configuration list for PBXNativeTarget "NITheremin WatchKit App" */ = {
			isa = XCConfigurationList;
			buildConfigurations = (
				926AE9D5261CB44D00AD6746 /* Debug */,
				926AE9D6261CB44D00AD6746 /* Release */,
			);
			defaultConfigurationIsVisible = 0;
			defaultConfigurationName = Release;
		};
		926AE9D8261CB44D00AD6746 /* Build configuration list for PBXNativeTarget "NITheremin" */ = {
			isa = XCConfigurationList;
			buildConfigurations = (
				926AE9D9261CB44D00AD6746 /* Debug */,
				926AE9DA261CB44D00AD6746 /* Release */,
			);
			defaultConfigurationIsVisible = 0;
			defaultConfigurationName = Release;
		};
/* End XCConfigurationList section */

/* Begin XCRemoteSwiftPackageReference section */
		01167BE52DD9CEFC00E05309 /* XCRemoteSwiftPackageReference "AudioKit" */ = {
			isa = XCRemoteSwiftPackageReference;
			repositoryURL = "https://github.com/AudioKit/AudioKit.git";
			requirement = {
				kind = upToNextMajorVersion;
				minimumVersion = 5.6.5;
			};
		};
/* End XCRemoteSwiftPackageReference section */
	};
	rootObject = 926AE99A261CB44B00AD6746 /* Project object */;
}
